
Microsoft Visual Studio Solution File, Format Version 12.00
# Visual Studio 15
VisualStudioVersion = 15.0.27130.2027
MinimumVisualStudioVersion = 10.0.40219.1
Project("{F184B08F-C81C-45F6-A57F-5ABD9991F28F}") = "project_gnome", "project_gnome\project_gnome.vbproj", "{2D3C6F21-5897-4EF4-BCDB-C2E9E171A2FD}"
EndProject
Global
	GlobalSection(SolutionConfigurationPlatforms) = preSolution
		Debug|Any CPU = Debug|Any CPU
		Release|Any CPU = Release|Any CPU
	EndGlobalSection
	GlobalSection(ProjectConfigurationPlatforms) = postSolution
		{2D3C6F21-5897-4EF4-BCDB-C2E9E171A2FD}.Debug|Any CPU.ActiveCfg = Debug|Any CPU
		{2D3C6F21-5897-4EF4-BCDB-C2E9E171A2FD}.Debug|Any CPU.Build.0 = Debug|Any CPU
		{2D3C6F21-5897-4EF4-BCDB-C2E9E171A2FD}.Release|Any CPU.ActiveCfg = Release|Any CPU
		{2D3C6F21-5897-4EF4-BCDB-C2E9E171A2FD}.Release|Any CPU.Build.0 = Release|Any CPU
	EndGlobalSection
	GlobalSection(SolutionProperties) = preSolution
		HideSolutionNode = FALSE
	EndGlobalSection
	GlobalSection(ExtensibilityGlobals) = postSolution
		SolutionGuid = {C1250979-0AC5-41F9-A700-61751C9536A6}
	EndGlobalSection
EndGlobal
